
Microsoft Visual Studio Solution File, Format Version 12.00
# Visual Studio 2013
VisualStudioVersion = 12.0.30501.0
MinimumVisualStudioVersion = 10.0.40219.1
Project("{FAE04EC0-301F-11D3-BF4B-00C04F79EFBC}") = "PriceComponentManager.Database", "PriceComponentManager.Database\PriceComponentManager.Database.csproj", "{D9809EED-97F9-4830-894E-152F780E479D}"
EndProject
Project("{FAE04EC0-301F-11D3-BF4B-00C04F79EFBC}") = "PriceComponentManger.WebApi", "PriceComponentManger.WebApi\PriceComponentManger.WebApi.csproj", "{6587A9F5-4AC9-49D1-B8FA-378B79F4B6F5}"
EndProject
Project("{FAE04EC0-301F-11D3-BF4B-00C04F79EFBC}") = "PriceComponentManager.WebApi.Test", "PriceComponentManager.WebApi.Test\PriceComponentManager.WebApi.Test.csproj", "{58D1F23D-BD4C-4473-913A-F0F56021C0F1}"
EndProject
Global
	GlobalSection(SolutionConfigurationPlatforms) = preSolution
		Debug|Any CPU = Debug|Any CPU
		Release|Any CPU = Release|Any CPU
	EndGlobalSection
	GlobalSection(ProjectConfigurationPlatforms) = postSolution
		{D9809EED-97F9-4830-894E-152F780E479D}.Debug|Any CPU.ActiveCfg = Debug|Any CPU
		{D9809EED-97F9-4830-894E-152F780E479D}.Debug|Any CPU.Build.0 = Debug|Any CPU
		{D9809EED-97F9-4830-894E-152F780E479D}.Release|Any CPU.ActiveCfg = Release|Any CPU
		{D9809EED-97F9-4830-894E-152F780E479D}.Release|Any CPU.Build.0 = Release|Any CPU
		{6587A9F5-4AC9-49D1-B8FA-378B79F4B6F5}.Debug|Any CPU.ActiveCfg = Debug|Any CPU
		{6587A9F5-4AC9-49D1-B8FA-378B79F4B6F5}.Debug|Any CPU.Build.0 = Debug|Any CPU
		{6587A9F5-4AC9-49D1-B8FA-378B79F4B6F5}.Release|Any CPU.ActiveCfg = Release|Any CPU
		{6587A9F5-4AC9-49D1-B8FA-378B79F4B6F5}.Release|Any CPU.Build.0 = Release|Any CPU
		{58D1F23D-BD4C-4473-913A-F0F56021C0F1}.Debug|Any CPU.ActiveCfg = Debug|Any CPU
		{58D1F23D-BD4C-4473-913A-F0F56021C0F1}.Debug|Any CPU.Build.0 = Debug|Any CPU
		{58D1F23D-BD4C-4473-913A-F0F56021C0F1}.Release|Any CPU.ActiveCfg = Release|Any CPU
		{58D1F23D-BD4C-4473-913A-F0F56021C0F1}.Release|Any CPU.Build.0 = Release|Any CPU
	EndGlobalSection
	GlobalSection(SolutionProperties) = preSolution
		HideSolutionNode = FALSE
	EndGlobalSection
EndGlobal
